{
	"name": "umdio-docs",
	"requires": true,
	"lockfileVersion": 1,
	"dependencies": {
		"bourbon": {
			"version": "5.1.0",
			"resolved": "https://registry.npmjs.org/bourbon/-/bourbon-5.1.0.tgz",
			"integrity": "sha512-rO4rwNAVNuzPmnL+DruxAe7DR2YFFo4nHsgDVRd9URMgDxtHmVBUnvFLXPan6teVe7jkybCyxcnR+CKClotj3g=="
		},
		"bourbon-neat": {
			"version": "3.0.0",
			"resolved": "https://registry.npmjs.org/bourbon-neat/-/bourbon-neat-3.0.0.tgz",
			"integrity": "sha1-XMM7mVEZP0C5Aakq7oKqa4Bm/4I="
		},
		"highlightjs": {
			"version": "9.10.0",
			"resolved": "https://registry.npmjs.org/highlightjs/-/highlightjs-9.10.0.tgz",
			"integrity": "sha1-/Km3jdqjsavKidbD7hBa0nCoAZA="
		},
		"html5shiv": {
			"version": "3.7.3",
			"resolved": "https://registry.npmjs.org/html5shiv/-/html5shiv-3.7.3.tgz",
			"integrity": "sha1-14qEo2e8uacQEA1XgCw4ewhGMdI="
		},
		"jquery": {
			"version": "3.3.1",
			"resolved": "https://registry.npmjs.org/jquery/-/jquery-3.3.1.tgz",
			"integrity": "sha512-Ubldcmxp5np52/ENotGxlLe6aGMvmF4R8S6tZjsP6Knsaxd/xp3Zrh50cG93lR6nPXyUFwzN3ZSOQI0wRJNdGg=="
		},
		"normalize-scss": {
			"version": "7.0.1",
			"resolved": "https://registry.npmjs.org/normalize-scss/-/normalize-scss-7.0.1.tgz",
			"integrity": "sha512-qj16bWnYs+9/ac29IgGjySg4R5qQTp1lXfm7ApFOZNVBYFY8RZ3f8+XQNDDLHeDtI3Ba7Jj4+LuPgz9v/fne2A=="
		}
	}
}
